
Microsoft Visual Studio Solution File, Format Version 12.00
# Visual Studio Version 16
VisualStudioVersion = 16.0.31105.61
MinimumVisualStudioVersion = 10.0.40219.1
Project("{8BC9CEB8-8B4A-11D0-8D11-00A0C91BC942}") = "chapter2", "chapter2\chapter2.vcxproj", "{9DCB6D95-5064-4D33-A1EA-9F713F124480}"
EndProject
Project("{8BC9CEB8-8B4A-11D0-8D11-00A0C91BC942}") = "chapter3", "chapter3\chapter3.vcxproj", "{E82848E1-096C-46ED-B22B-B96963ED0FE9}"
EndProject
Project("{8BC9CEB8-8B4A-11D0-8D11-00A0C91BC942}") = "chapter4", "chapter4\chapter4.vcxproj", "{5971FEDD-1A3E-474F-BAF1-6B040C7FB2DE}"
EndProject
Project("{8BC9CEB8-8B4A-11D0-8D11-00A0C91BC942}") = "chapter4_client", "chapter4\chapter4_client\chapter4_client.vcxproj", "{F94397C2-CD86-4123-B962-ABFA58D97AC1}"
EndProject
Project("{8BC9CEB8-8B4A-11D0-8D11-00A0C91BC942}") = "chapter6", "chapter6\chapter6.vcxproj", "{DAE327B8-0AFC-479A-BFA1-E51065A0A582}"
EndProject
Project("{8BC9CEB8-8B4A-11D0-8D11-00A0C91BC942}") = "chapter7", "chapter7\chapter7.vcxproj", "{473FAAF7-620B-4556-A643-1A67B7CA2A88}"
EndProject
Project("{8BC9CEB8-8B4A-11D0-8D11-00A0C91BC942}") = "chapter7_client", "chapter7\chapter7_client\chapter7_client.vcxproj", "{63BDA7F9-CE09-44F3-AD59-5CA3129D062D}"
EndProject
Project("{8BC9CEB8-8B4A-11D0-8D11-00A0C91BC942}") = "chapter8", "chapter8\chapter8.vcxproj", "{6FCD04B1-D6A8-40CF-960E-EEE8D8055A03}"
EndProject
Project("{8BC9CEB8-8B4A-11D0-8D11-00A0C91BC942}") = "chapter8_client", "chapter8\chapter8_client\chapter8_client.vcxproj", "{BF42B5DF-F5F1-4AE2-A86A-0888DA49A206}"
EndProject
Global
	GlobalSection(SolutionConfigurationPlatforms) = preSolution
		Debug|ARM = Debug|ARM
		Debug|ARM64 = Debug|ARM64
		Debug|x64 = Debug|x64
		Debug|x86 = Debug|x86
		Release|ARM = Release|ARM
		Release|ARM64 = Release|ARM64
		Release|x64 = Release|x64
		Release|x86 = Release|x86
	EndGlobalSection
	GlobalSection(ProjectConfigurationPlatforms) = postSolution
		{9DCB6D95-5064-4D33-A1EA-9F713F124480}.Debug|ARM.ActiveCfg = Debug|ARM
		{9DCB6D95-5064-4D33-A1EA-9F713F124480}.Debug|ARM.Build.0 = Debug|ARM
		{9DCB6D95-5064-4D33-A1EA-9F713F124480}.Debug|ARM.Deploy.0 = Debug|ARM
		{9DCB6D95-5064-4D33-A1EA-9F713F124480}.Debug|ARM64.ActiveCfg = Debug|ARM64
		{9DCB6D95-5064-4D33-A1EA-9F713F124480}.Debug|ARM64.Build.0 = Debug|ARM64
		{9DCB6D95-5064-4D33-A1EA-9F713F124480}.Debug|ARM64.Deploy.0 = Debug|ARM64
		{9DCB6D95-5064-4D33-A1EA-9F713F124480}.Debug|x64.ActiveCfg = Debug|x64
		{9DCB6D95-5064-4D33-A1EA-9F713F124480}.Debug|x64.Build.0 = Debug|x64
		{9DCB6D95-5064-4D33-A1EA-9F713F124480}.Debug|x64.Deploy.0 = Debug|x64
		{9DCB6D95-5064-4D33-A1EA-9F713F124480}.Debug|x86.ActiveCfg = Debug|Win32
		{9DCB6D95-5064-4D33-A1EA-9F713F124480}.Debug|x86.Build.0 = Debug|Win32
		{9DCB6D95-5064-4D33-A1EA-9F713F124480}.Debug|x86.Deploy.0 = Debug|Win32
		{9DCB6D95-5064-4D33-A1EA-9F713F124480}.Release|ARM.ActiveCfg = Release|ARM
		{9DCB6D95-5064-4D33-A1EA-9F713F124480}.Release|ARM.Build.0 = Release|ARM
		{9DCB6D95-5064-4D33-A1EA-9F713F124480}.Release|ARM.Deploy.0 = Release|ARM
		{9DCB6D95-5064-4D33-A1EA-9F713F124480}.Release|ARM64.ActiveCfg = Release|ARM64
		{9DCB6D95-5064-4D33-A1EA-9F713F124480}.Release|ARM64.Build.0 = Release|ARM64
		{9DCB6D95-5064-4D33-A1EA-9F713F124480}.Release|ARM64.Deploy.0 = Release|ARM64
		{9DCB6D95-5064-4D33-A1EA-9F713F124480}.Release|x64.ActiveCfg = Release|x64
		{9DCB6D95-5064-4D33-A1EA-9F713F124480}.Release|x64.Build.0 = Release|x64
		{9DCB6D95-5064-4D33-A1EA-9F713F124480}.Release|x64.Deploy.0 = Release|x64
		{9DCB6D95-5064-4D33-A1EA-9F713F124480}.Release|x86.ActiveCfg = Release|Win32
		{9DCB6D95-5064-4D33-A1EA-9F713F124480}.Release|x86.Build.0 = Release|Win32
		{9DCB6D95-5064-4D33-A1EA-9F713F124480}.Release|x86.Deploy.0 = Release|Win32
		{E82848E1-096C-46ED-B22B-B96963ED0FE9}.Debug|ARM.ActiveCfg = Debug|ARM
		{E82848E1-096C-46ED-B22B-B96963ED0FE9}.Debug|ARM.Build.0 = Debug|ARM
		{E82848E1-096C-46ED-B22B-B96963ED0FE9}.Debug|ARM.Deploy.0 = Debug|ARM
		{E82848E1-096C-46ED-B22B-B96963ED0FE9}.Debug|ARM64.ActiveCfg = Debug|ARM64
		{E82848E1-096C-46ED-B22B-B96963ED0FE9}.Debug|ARM64.Build.0 = Debug|ARM64
		{E82848E1-096C-46ED-B22B-B96963ED0FE9}.Debug|ARM64.Deploy.0 = Debug|ARM64
		{E82848E1-096C-46ED-B22B-B96963ED0FE9}.Debug|x64.ActiveCfg = Debug|x64
		{E82848E1-096C-46ED-B22B-B96963ED0FE9}.Debug|x64.Build.0 = Debug|x64
		{E82848E1-096C-46ED-B22B-B96963ED0FE9}.Debug|x64.Deploy.0 = Debug|x64
		{E82848E1-096C-46ED-B22B-B96963ED0FE9}.Debug|x86.ActiveCfg = Debug|Win32
		{E82848E1-096C-46ED-B22B-B96963ED0FE9}.Debug|x86.Build.0 = Debug|Win32
		{E82848E1-096C-46ED-B22B-B96963ED0FE9}.Debug|x86.Deploy.0 = Debug|Win32
		{E82848E1-096C-46ED-B22B-B96963ED0FE9}.Release|ARM.ActiveCfg = Release|ARM
		{E82848E1-096C-46ED-B22B-B96963ED0FE9}.Release|ARM.Build.0 = Release|ARM
		{E82848E1-096C-46ED-B22B-B96963ED0FE9}.Release|ARM.Deploy.0 = Release|ARM
		{E82848E1-096C-46ED-B22B-B96963ED0FE9}.Release|ARM64.ActiveCfg = Release|ARM64
		{E82848E1-096C-46ED-B22B-B96963ED0FE9}.Release|ARM64.Build.0 = Release|ARM64
		{E82848E1-096C-46ED-B22B-B96963ED0FE9}.Release|ARM64.Deploy.0 = Release|ARM64
		{E82848E1-096C-46ED-B22B-B96963ED0FE9}.Release|x64.ActiveCfg = Release|x64
		{E82848E1-096C-46ED-B22B-B96963ED0FE9}.Release|x64.Build.0 = Release|x64
		{E82848E1-096C-46ED-B22B-B96963ED0FE9}.Release|x64.Deploy.0 = Release|x64
		{E82848E1-096C-46ED-B22B-B96963ED0FE9}.Release|x86.ActiveCfg = Release|Win32
		{E82848E1-096C-46ED-B22B-B96963ED0FE9}.Release|x86.Build.0 = Release|Win32
		{E82848E1-096C-46ED-B22B-B96963ED0FE9}.Release|x86.Deploy.0 = Release|Win32
		{5971FEDD-1A3E-474F-BAF1-6B040C7FB2DE}.Debug|ARM.ActiveCfg = Debug|ARM
		{5971FEDD-1A3E-474F-BAF1-6B040C7FB2DE}.Debug|ARM.Build.0 = Debug|ARM
		{5971FEDD-1A3E-474F-BAF1-6B040C7FB2DE}.Debug|ARM.Deploy.0 = Debug|ARM
		{5971FEDD-1A3E-474F-BAF1-6B040C7FB2DE}.Debug|ARM64.ActiveCfg = Debug|ARM64
		{5971FEDD-1A3E-474F-BAF1-6B040C7FB2DE}.Debug|ARM64.Build.0 = Debug|ARM64
		{5971FEDD-1A3E-474F-BAF1-6B040C7FB2DE}.Debug|ARM64.Deploy.0 = Debug|ARM64
		{5971FEDD-1A3E-474F-BAF1-6B040C7FB2DE}.Debug|x64.ActiveCfg = Debug|x64
		{5971FEDD-1A3E-474F-BAF1-6B040C7FB2DE}.Debug|x64.Build.0 = Debug|x64
		{5971FEDD-1A3E-474F-BAF1-6B040C7FB2DE}.Debug|x64.Deploy.0 = Debug|x64
		{5971FEDD-1A3E-474F-BAF1-6B040C7FB2DE}.Debug|x86.ActiveCfg = Debug|Win32
		{5971FEDD-1A3E-474F-BAF1-6B040C7FB2DE}.Debug|x86.Build.0 = Debug|Win32
		{5971FEDD-1A3E-474F-BAF1-6B040C7FB2DE}.Debug|x86.Deploy.0 = Debug|Win32
		{5971FEDD-1A3E-474F-BAF1-6B040C7FB2DE}.Release|ARM.ActiveCfg = Release|ARM
		{5971FEDD-1A3E-474F-BAF1-6B040C7FB2DE}.Release|ARM.Build.0 = Release|ARM
		{5971FEDD-1A3E-474F-BAF1-6B040C7FB2DE}.Release|ARM.Deploy.0 = Release|ARM
		{5971FEDD-1A3E-474F-BAF1-6B040C7FB2DE}.Release|ARM64.ActiveCfg = Release|ARM64
		{5971FEDD-1A3E-474F-BAF1-6B040C7FB2DE}.Release|ARM64.Build.0 = Release|ARM64
		{5971FEDD-1A3E-474F-BAF1-6B040C7FB2DE}.Release|ARM64.Deploy.0 = Release|ARM64
		{5971FEDD-1A3E-474F-BAF1-6B040C7FB2DE}.Release|x64.ActiveCfg = Release|x64
		{5971FEDD-1A3E-474F-BAF1-6B040C7FB2DE}.Release|x64.Build.0 = Release|x64
		{5971FEDD-1A3E-474F-BAF1-6B040C7FB2DE}.Release|x64.Deploy.0 = Release|x64
		{5971FEDD-1A3E-474F-BAF1-6B040C7FB2DE}.Release|x86.ActiveCfg = Release|Win32
		{5971FEDD-1A3E-474F-BAF1-6B040C7FB2DE}.Release|x86.Build.0 = Release|Win32
		{5971FEDD-1A3E-474F-BAF1-6B040C7FB2DE}.Release|x86.Deploy.0 = Release|Win32
		{F94397C2-CD86-4123-B962-ABFA58D97AC1}.Debug|ARM.ActiveCfg = Debug|Win32
		{F94397C2-CD86-4123-B962-ABFA58D97AC1}.Debug|ARM64.ActiveCfg = Debug|Win32
		{F94397C2-CD86-4123-B962-ABFA58D97AC1}.Debug|x64.ActiveCfg = Debug|x64
		{F94397C2-CD86-4123-B962-ABFA58D97AC1}.Debug|x64.Build.0 = Debug|x64
		{F94397C2-CD86-4123-B962-ABFA58D97AC1}.Debug|x86.ActiveCfg = Debug|Win32
		{F94397C2-CD86-4123-B962-ABFA58D97AC1}.Debug|x86.Build.0 = Debug|Win32
		{F94397C2-CD86-4123-B962-ABFA58D97AC1}.Release|ARM.ActiveCfg = Release|Win32
		{F94397C2-CD86-4123-B962-ABFA58D97AC1}.Release|ARM64.ActiveCfg = Release|Win32
		{F94397C2-CD86-4123-B962-ABFA58D97AC1}.Release|x64.ActiveCfg = Release|x64
		{F94397C2-CD86-4123-B962-ABFA58D97AC1}.Release|x64.Build.0 = Release|x64
		{F94397C2-CD86-4123-B962-ABFA58D97AC1}.Release|x86.ActiveCfg = Release|Win32
		{F94397C2-CD86-4123-B962-ABFA58D97AC1}.Release|x86.Build.0 = Release|Win32
		{DAE327B8-0AFC-479A-BFA1-E51065A0A582}.Debug|ARM.ActiveCfg = Debug|ARM
		{DAE327B8-0AFC-479A-BFA1-E51065A0A582}.Debug|ARM.Build.0 = Debug|ARM
		{DAE327B8-0AFC-479A-BFA1-E51065A0A582}.Debug|ARM.Deploy.0 = Debug|ARM
		{DAE327B8-0AFC-479A-BFA1-E51065A0A582}.Debug|ARM64.ActiveCfg = Debug|ARM64
		{DAE327B8-0AFC-479A-BFA1-E51065A0A582}.Debug|ARM64.Build.0 = Debug|ARM64
		{DAE327B8-0AFC-479A-BFA1-E51065A0A582}.Debug|ARM64.Deploy.0 = Debug|ARM64
		{DAE327B8-0AFC-479A-BFA1-E51065A0A582}.Debug|x64.ActiveCfg = Debug|x64
		{DAE327B8-0AFC-479A-BFA1-E51065A0A582}.Debug|x64.Build.0 = Debug|x64
		{DAE327B8-0AFC-479A-BFA1-E51065A0A582}.Debug|x64.Deploy.0 = Debug|x64
		{DAE327B8-0AFC-479A-BFA1-E51065A0A582}.Debug|x86.ActiveCfg = Debug|Win32
		{DAE327B8-0AFC-479A-BFA1-E51065A0A582}.Debug|x86.Build.0 = Debug|Win32
		{DAE327B8-0AFC-479A-BFA1-E51065A0A582}.Debug|x86.Deploy.0 = Debug|Win32
		{DAE327B8-0AFC-479A-BFA1-E51065A0A582}.Release|ARM.ActiveCfg = Release|ARM
		{DAE327B8-0AFC-479A-BFA1-E51065A0A582}.Release|ARM.Build.0 = Release|ARM
		{DAE327B8-0AFC-479A-BFA1-E51065A0A582}.Release|ARM.Deploy.0 = Release|ARM
		{DAE327B8-0AFC-479A-BFA1-E51065A0A582}.Release|ARM64.ActiveCfg = Release|ARM64
		{DAE327B8-0AFC-479A-BFA1-E51065A0A582}.Release|ARM64.Build.0 = Release|ARM64
		{DAE327B8-0AFC-479A-BFA1-E51065A0A582}.Release|ARM64.Deploy.0 = Release|ARM64
		{DAE327B8-0AFC-479A-BFA1-E51065A0A582}.Release|x64.ActiveCfg = Release|x64
		{DAE327B8-0AFC-479A-BFA1-E51065A0A582}.Release|x64.Build.0 = Release|x64
		{DAE327B8-0AFC-479A-BFA1-E51065A0A582}.Release|x64.Deploy.0 = Release|x64
		{DAE327B8-0AFC-479A-BFA1-E51065A0A582}.Release|x86.ActiveCfg = Release|Win32
		{DAE327B8-0AFC-479A-BFA1-E51065A0A582}.Release|x86.Build.0 = Release|Win32
		{DAE327B8-0AFC-479A-BFA1-E51065A0A582}.Release|x86.Deploy.0 = Release|Win32
		{473FAAF7-620B-4556-A643-1A67B7CA2A88}.Debug|ARM.ActiveCfg = Debug|ARM
		{473FAAF7-620B-4556-A643-1A67B7CA2A88}.Debug|ARM.Build.0 = Debug|ARM
		{473FAAF7-620B-4556-A643-1A67B7CA2A88}.Debug|ARM.Deploy.0 = Debug|ARM
		{473FAAF7-620B-4556-A643-1A67B7CA2A88}.Debug|ARM64.ActiveCfg = Debug|ARM64
		{473FAAF7-620B-4556-A643-1A67B7CA2A88}.Debug|ARM64.Build.0 = Debug|ARM64
		{473FAAF7-620B-4556-A643-1A67B7CA2A88}.Debug|ARM64.Deploy.0 = Debug|ARM64
		{473FAAF7-620B-4556-A643-1A67B7CA2A88}.Debug|x64.ActiveCfg = Debug|x64
		{473FAAF7-620B-4556-A643-1A67B7CA2A88}.Debug|x64.Build.0 = Debug|x64
		{473FAAF7-620B-4556-A643-1A67B7CA2A88}.Debug|x64.Deploy.0 = Debug|x64
		{473FAAF7-620B-4556-A643-1A67B7CA2A88}.Debug|x86.ActiveCfg = Debug|Win32
		{473FAAF7-620B-4556-A643-1A67B7CA2A88}.Debug|x86.Build.0 = Debug|Win32
		{473FAAF7-620B-4556-A643-1A67B7CA2A88}.Debug|x86.Deploy.0 = Debug|Win32
		{473FAAF7-620B-4556-A643-1A67B7CA2A88}.Release|ARM.ActiveCfg = Release|ARM
		{473FAAF7-620B-4556-A643-1A67B7CA2A88}.Release|ARM.Build.0 = Release|ARM
		{473FAAF7-620B-4556-A643-1A67B7CA2A88}.Release|ARM.Deploy.0 = Release|ARM
		{473FAAF7-620B-4556-A643-1A67B7CA2A88}.Release|ARM64.ActiveCfg = Release|ARM64
		{473FAAF7-620B-4556-A643-1A67B7CA2A88}.Release|ARM64.Build.0 = Release|ARM64
		{473FAAF7-620B-4556-A643-1A67B7CA2A88}.Release|ARM64.Deploy.0 = Release|ARM64
		{473FAAF7-620B-4556-A643-1A67B7CA2A88}.Release|x64.ActiveCfg = Release|x64
		{473FAAF7-620B-4556-A643-1A67B7CA2A88}.Release|x64.Build.0 = Release|x64
		{473FAAF7-620B-4556-A643-1A67B7CA2A88}.Release|x64.Deploy.0 = Release|x64
		{473FAAF7-620B-4556-A643-1A67B7CA2A88}.Release|x86.ActiveCfg = Release|Win32
		{473FAAF7-620B-4556-A643-1A67B7CA2A88}.Release|x86.Build.0 = Release|Win32
		{473FAAF7-620B-4556-A643-1A67B7CA2A88}.Release|x86.Deploy.0 = Release|Win32
		{63BDA7F9-CE09-44F3-AD59-5CA3129D062D}.Debug|ARM.ActiveCfg = Debug|Win32
		{63BDA7F9-CE09-44F3-AD59-5CA3129D062D}.Debug|ARM64.ActiveCfg = Debug|Win32
		{63BDA7F9-CE09-44F3-AD59-5CA3129D062D}.Debug|x64.ActiveCfg = Debug|x64
		{63BDA7F9-CE09-44F3-AD59-5CA3129D062D}.Debug|x64.Build.0 = Debug|x64
		{63BDA7F9-CE09-44F3-AD59-5CA3129D062D}.Debug|x86.ActiveCfg = Debug|Win32
		{63BDA7F9-CE09-44F3-AD59-5CA3129D062D}.Debug|x86.Build.0 = Debug|Win32
		{63BDA7F9-CE09-44F3-AD59-5CA3129D062D}.Release|ARM.ActiveCfg = Release|Win32
		{63BDA7F9-CE09-44F3-AD59-5CA3129D062D}.Release|ARM64.ActiveCfg = Release|Win32
		{63BDA7F9-CE09-44F3-AD59-5CA3129D062D}.Release|x64.ActiveCfg = Release|x64
		{63BDA7F9-CE09-44F3-AD59-5CA3129D062D}.Release|x64.Build.0 = Release|x64
		{63BDA7F9-CE09-44F3-AD59-5CA3129D062D}.Release|x86.ActiveCfg = Release|Win32
		{63BDA7F9-CE09-44F3-AD59-5CA3129D062D}.Release|x86.Build.0 = Release|Win32
		{6FCD04B1-D6A8-40CF-960E-EEE8D8055A03}.Debug|ARM.ActiveCfg = Debug|ARM
		{6FCD04B1-D6A8-40CF-960E-EEE8D8055A03}.Debug|ARM.Build.0 = Debug|ARM
		{6FCD04B1-D6A8-40CF-960E-EEE8D8055A03}.Debug|ARM.Deploy.0 = Debug|ARM
		{6FCD04B1-D6A8-40CF-960E-EEE8D8055A03}.Debug|ARM64.ActiveCfg = Debug|ARM64
		{6FCD04B1-D6A8-40CF-960E-EEE8D8055A03}.Debug|ARM64.Build.0 = Debug|ARM64
		{6FCD04B1-D6A8-40CF-960E-EEE8D8055A03}.Debug|ARM64.Deploy.0 = Debug|ARM64
		{6FCD04B1-D6A8-40CF-960E-EEE8D8055A03}.Debug|x64.ActiveCfg = Debug|x64
		{6FCD04B1-D6A8-40CF-960E-EEE8D8055A03}.Debug|x64.Build.0 = Debug|x64
		{6FCD04B1-D6A8-40CF-960E-EEE8D8055A03}.Debug|x64.Deploy.0 = Debug|x64
		{6FCD04B1-D6A8-40CF-960E-EEE8D8055A03}.Debug|x86.ActiveCfg = Debug|Win32
		{6FCD04B1-D6A8-40CF-960E-EEE8D8055A03}.Debug|x86.Build.0 = Debug|Win32
		{6FCD04B1-D6A8-40CF-960E-EEE8D8055A03}.Debug|x86.Deploy.0 = Debug|Win32
		{6FCD04B1-D6A8-40CF-960E-EEE8D8055A03}.Release|ARM.ActiveCfg = Release|ARM
		{6FCD04B1-D6A8-40CF-960E-EEE8D8055A03}.Release|ARM.Build.0 = Release|ARM
		{6FCD04B1-D6A8-40CF-960E-EEE8D8055A03}.Release|ARM.Deploy.0 = Release|ARM
		{6FCD04B1-D6A8-40CF-960E-EEE8D8055A03}.Release|ARM64.ActiveCfg = Release|ARM64
		{6FCD04B1-D6A8-40CF-960E-EEE8D8055A03}.Release|ARM64.Build.0 = Release|ARM64
		{6FCD04B1-D6A8-40CF-960E-EEE8D8055A03}.Release|ARM64.Deploy.0 = Release|ARM64
		{6FCD04B1-D6A8-40CF-960E-EEE8D8055A03}.Release|x64.ActiveCfg = Release|x64
		{6FCD04B1-D6A8-40CF-960E-EEE8D8055A03}.Release|x64.Build.0 = Release|x64
		{6FCD04B1-D6A8-40CF-960E-EEE8D8055A03}.Release|x64.Deploy.0 = Release|x64
		{6FCD04B1-D6A8-40CF-960E-EEE8D8055A03}.Release|x86.ActiveCfg = Release|Win32
		{6FCD04B1-D6A8-40CF-960E-EEE8D8055A03}.Release|x86.Build.0 = Release|Win32
		{6FCD04B1-D6A8-40CF-960E-EEE8D8055A03}.Release|x86.Deploy.0 = Release|Win32
		{BF42B5DF-F5F1-4AE2-A86A-0888DA49A206}.Debug|ARM.ActiveCfg = Debug|Win32
		{BF42B5DF-F5F1-4AE2-A86A-0888DA49A206}.Debug|ARM64.ActiveCfg = Debug|Win32
		{BF42B5DF-F5F1-4AE2-A86A-0888DA49A206}.Debug|x64.ActiveCfg = Debug|x64
		{BF42B5DF-F5F1-4AE2-A86A-0888DA49A206}.Debug|x64.Build.0 = Debug|x64
		{BF42B5DF-F5F1-4AE2-A86A-0888DA49A206}.Debug|x86.ActiveCfg = Debug|Win32
		{BF42B5DF-F5F1-4AE2-A86A-0888DA49A206}.Debug|x86.Build.0 = Debug|Win32
		{BF42B5DF-F5F1-4AE2-A86A-0888DA49A206}.Release|ARM.ActiveCfg = Release|Win32
		{BF42B5DF-F5F1-4AE2-A86A-0888DA49A206}.Release|ARM64.ActiveCfg = Release|Win32
		{BF42B5DF-F5F1-4AE2-A86A-0888DA49A206}.Release|x64.ActiveCfg = Release|x64
		{BF42B5DF-F5F1-4AE2-A86A-0888DA49A206}.Release|x64.Build.0 = Release|x64
		{BF42B5DF-F5F1-4AE2-A86A-0888DA49A206}.Release|x86.ActiveCfg = Release|Win32
		{BF42B5DF-F5F1-4AE2-A86A-0888DA49A206}.Release|x86.Build.0 = Release|Win32
	EndGlobalSection
	GlobalSection(SolutionProperties) = preSolution
		HideSolutionNode = FALSE
	EndGlobalSection
	GlobalSection(ExtensibilityGlobals) = postSolution
		SolutionGuid = {D44821A0-6209-4FC6-BE47-FAB9DDCC0765}
	EndGlobalSection
EndGlobal
